// !$*UTF8*$!
{
	archiveVersion = 1;
	classes = {
	};
	objectVersion = 56;
	objects = {

/* Begin PBXBuildFile section */
		9699A4B62969B3F500807028 /* AppDelegate.swift in Sources */ = {isa = PBXBuildFile; fileRef = 9699A4B52969B3F500807028 /* AppDelegate.swift */; };
		9699A4B82969B3F500807028 /* SceneDelegate.swift in Sources */ = {isa = PBXBuildFile; fileRef = 9699A4B72969B3F500807028 /* SceneDelegate.swift */; };
		9699A4BA2969B3F500807028 /* HomeViewController.swift in Sources */ = {isa = PBXBuildFile; fileRef = 9699A4B92969B3F500807028 /* HomeViewController.swift */; };
		9699A4BF2969B3F900807028 /* Assets.xcassets in Resources */ = {isa = PBXBuildFile; fileRef = 9699A4BE2969B3F900807028 /* Assets.xcassets */; };
		9699A4C22969B3F900807028 /* LaunchScreen.storyboard in Resources */ = {isa = PBXBuildFile; fileRef = 9699A4C02969B3F900807028 /* LaunchScreen.storyboard */; };
		9699A4D22969B8A900807028 /* SearchViewController.swift in Sources */ = {isa = PBXBuildFile; fileRef = 9699A4D12969B8A900807028 /* SearchViewController.swift */; };
		9699A4D62969B8FB00807028 /* TabBarViewController.swift in Sources */ = {isa = PBXBuildFile; fileRef = 9699A4D52969B8FB00807028 /* TabBarViewController.swift */; };
		9699A4D82969B93600807028 /* LibraryViewController.swift in Sources */ = {isa = PBXBuildFile; fileRef = 9699A4D72969B93600807028 /* LibraryViewController.swift */; };
		9699A4DC2969B98D00807028 /* AuthViewController.swift in Sources */ = {isa = PBXBuildFile; fileRef = 9699A4DB2969B98D00807028 /* AuthViewController.swift */; };
		9699A4DE2969B9A900807028 /* WelcomeViewController.swift in Sources */ = {isa = PBXBuildFile; fileRef = 9699A4DD2969B9A900807028 /* WelcomeViewController.swift */; };
		9699A4E02969B9B700807028 /* SettingsViewController.swift in Sources */ = {isa = PBXBuildFile; fileRef = 9699A4DF2969B9B700807028 /* SettingsViewController.swift */; };
		9699A4E22969B9CF00807028 /* ProfileViewController.swift in Sources */ = {isa = PBXBuildFile; fileRef = 9699A4E12969B9CF00807028 /* ProfileViewController.swift */; };
		9699A4E42969B9E100807028 /* PlayerViewController.swift in Sources */ = {isa = PBXBuildFile; fileRef = 9699A4E32969B9E100807028 /* PlayerViewController.swift */; };
		9699A4E62969BA0F00807028 /* PlayerListViewController.swift in Sources */ = {isa = PBXBuildFile; fileRef = 9699A4E52969BA0F00807028 /* PlayerListViewController.swift */; };
		9699A4E82969BA3300807028 /* SearchResultsViewController.swift in Sources */ = {isa = PBXBuildFile; fileRef = 9699A4E72969BA3300807028 /* SearchResultsViewController.swift */; };
		9699A4EA2969BA6100807028 /* APICaller.swift in Sources */ = {isa = PBXBuildFile; fileRef = 9699A4E92969BA6100807028 /* APICaller.swift */; };
		9699A4EC2969BA7600807028 /* AuthManager.swift in Sources */ = {isa = PBXBuildFile; fileRef = 9699A4EB2969BA7600807028 /* AuthManager.swift */; };
		9699A4EE2969BA9000807028 /* HapticsManager.swift in Sources */ = {isa = PBXBuildFile; fileRef = 9699A4ED2969BA9000807028 /* HapticsManager.swift */; };
		9699A4F02969BAB500807028 /* Playlist.swift in Sources */ = {isa = PBXBuildFile; fileRef = 9699A4EF2969BAB500807028 /* Playlist.swift */; };
		9699A4F22969BAC300807028 /* AudioTrack.swift in Sources */ = {isa = PBXBuildFile; fileRef = 9699A4F12969BAC300807028 /* AudioTrack.swift */; };
		9699A4F42969BADA00807028 /* Artist.swift in Sources */ = {isa = PBXBuildFile; fileRef = 9699A4F32969BADA00807028 /* Artist.swift */; };
		9699A4F62969BAE700807028 /* UserProfile.swift in Sources */ = {isa = PBXBuildFile; fileRef = 9699A4F52969BAE700807028 /* UserProfile.swift */; };
		969D09DA296AABA80099E2A5 /* Extension.swift in Sources */ = {isa = PBXBuildFile; fileRef = 969D09D9296AABA80099E2A5 /* Extension.swift */; };
/* End PBXBuildFile section */

/* Begin PBXFileReference section */
		9699A4B22969B3F500807028 /* Spotify Clone.app */ = {isa = PBXFileReference; explicitFileType = wrapper.application; includeInIndex = 0; path = "Spotify Clone.app"; sourceTree = BUILT_PRODUCTS_DIR; };
		9699A4B52969B3F500807028 /* AppDelegate.swift */ = {isa = PBXFileReference; lastKnownFileType = sourcecode.swift; path = AppDelegate.swift; sourceTree = "<group>"; };
		9699A4B72969B3F500807028 /* SceneDelegate.swift */ = {isa = PBXFileReference; lastKnownFileType = sourcecode.swift; path = SceneDelegate.swift; sourceTree = "<group>"; };
		9699A4B92969B3F500807028 /* HomeViewController.swift */ = {isa = PBXFileReference; lastKnownFileType = sourcecode.swift; path = HomeViewController.swift; sourceTree = "<group>"; };
		9699A4BE2969B3F900807028 /* Assets.xcassets */ = {isa = PBXFileReference; lastKnownFileType = folder.assetcatalog; path = Assets.xcassets; sourceTree = "<group>"; };
		9699A4C12969B3F900807028 /* Base */ = {isa = PBXFileReference; lastKnownFileType = file.storyboard; name = Base; path = Base.lproj/LaunchScreen.storyboard; sourceTree = "<group>"; };
		9699A4C32969B3F900807028 /* Info.plist */ = {isa = PBXFileReference; lastKnownFileType = text.plist.xml; path = Info.plist; sourceTree = "<group>"; };
		9699A4D12969B8A900807028 /* SearchViewController.swift */ = {isa = PBXFileReference; lastKnownFileType = sourcecode.swift; path = SearchViewController.swift; sourceTree = "<group>"; };
		9699A4D52969B8FB00807028 /* TabBarViewController.swift */ = {isa = PBXFileReference; lastKnownFileType = sourcecode.swift; path = TabBarViewController.swift; sourceTree = "<group>"; };
		9699A4D72969B93600807028 /* LibraryViewController.swift */ = {isa = PBXFileReference; lastKnownFileType = sourcecode.swift; path = LibraryViewController.swift; sourceTree = "<group>"; };
		9699A4DB2969B98D00807028 /* AuthViewController.swift */ = {isa = PBXFileReference; lastKnownFileType = sourcecode.swift; path = AuthViewController.swift; sourceTree = "<group>"; };
		9699A4DD2969B9A900807028 /* WelcomeViewController.swift */ = {isa = PBXFileReference; lastKnownFileType = sourcecode.swift; path = WelcomeViewController.swift; sourceTree = "<group>"; };
		9699A4DF2969B9B700807028 /* SettingsViewController.swift */ = {isa = PBXFileReference; lastKnownFileType = sourcecode.swift; path = SettingsViewController.swift; sourceTree = "<group>"; };
		9699A4E12969B9CF00807028 /* ProfileViewController.swift */ = {isa = PBXFileReference; lastKnownFileType = sourcecode.swift; path = ProfileViewController.swift; sourceTree = "<group>"; };
		9699A4E32969B9E100807028 /* PlayerViewController.swift */ = {isa = PBXFileReference; lastKnownFileType = sourcecode.swift; path = PlayerViewController.swift; sourceTree = "<group>"; };
		9699A4E52969BA0F00807028 /* PlayerListViewController.swift */ = {isa = PBXFileReference; lastKnownFileType = sourcecode.swift; path = PlayerListViewController.swift; sourceTree = "<group>"; };
		9699A4E72969BA3300807028 /* SearchResultsViewController.swift */ = {isa = PBXFileReference; lastKnownFileType = sourcecode.swift; path = SearchResultsViewController.swift; sourceTree = "<group>"; };
		9699A4E92969BA6100807028 /* APICaller.swift */ = {isa = PBXFileReference; lastKnownFileType = sourcecode.swift; path = APICaller.swift; sourceTree = "<group>"; };
		9699A4EB2969BA7600807028 /* AuthManager.swift */ = {isa = PBXFileReference; lastKnownFileType = sourcecode.swift; path = AuthManager.swift; sourceTree = "<group>"; };
		9699A4ED2969BA9000807028 /* HapticsManager.swift */ = {isa = PBXFileReference; lastKnownFileType = sourcecode.swift; path = HapticsManager.swift; sourceTree = "<group>"; };
		9699A4EF2969BAB500807028 /* Playlist.swift */ = {isa = PBXFileReference; lastKnownFileType = sourcecode.swift; path = Playlist.swift; sourceTree = "<group>"; };
		9699A4F12969BAC300807028 /* AudioTrack.swift */ = {isa = PBXFileReference; lastKnownFileType = sourcecode.swift; path = AudioTrack.swift; sourceTree = "<group>"; };
		9699A4F32969BADA00807028 /* Artist.swift */ = {isa = PBXFileReference; lastKnownFileType = sourcecode.swift; path = Artist.swift; sourceTree = "<group>"; };
		9699A4F52969BAE700807028 /* UserProfile.swift */ = {isa = PBXFileReference; lastKnownFileType = sourcecode.swift; path = UserProfile.swift; sourceTree = "<group>"; };
		969D09D9296AABA80099E2A5 /* Extension.swift */ = {isa = PBXFileReference; lastKnownFileType = sourcecode.swift; path = Extension.swift; sourceTree = "<group>"; };
/* End PBXFileReference section */

/* Begin PBXFrameworksBuildPhase section */
		9699A4AF2969B3F400807028 /* Frameworks */ = {
			isa = PBXFrameworksBuildPhase;
			buildActionMask = 2147483647;
			files = (
			);
			runOnlyForDeploymentPostprocessing = 0;
		};
/* End PBXFrameworksBuildPhase section */

/* Begin PBXGroup section */
		9699A4A92969B3F400807028 = {
			isa = PBXGroup;
			children = (
				9699A4B42969B3F500807028 /* Spotify Clone */,
				9699A4B32969B3F500807028 /* Products */,
			);
			sourceTree = "<group>";
		};
		9699A4B32969B3F500807028 /* Products */ = {
			isa = PBXGroup;
			children = (
				9699A4B22969B3F500807028 /* Spotify Clone.app */,
			);
			name = Products;
			sourceTree = "<group>";
		};
		9699A4B42969B3F500807028 /* Spotify Clone */ = {
			isa = PBXGroup;
			children = (
				9699A4CE2969B49400807028 /* Resources */,
				9699A4CD2969B47D00807028 /* ViewModels */,
				9699A4CC2969B45900807028 /* Models */,
				9699A4CB2969B45300807028 /* Managers */,
				9699A4CA2969B44100807028 /* Controllers */,
				9699A4C92969B43800807028 /* Views */,
				9699A4C32969B3F900807028 /* Info.plist */,
			);
			path = "Spotify Clone";
			sourceTree = "<group>";
		};
		9699A4C92969B43800807028 /* Views */ = {
			isa = PBXGroup;
			children = (
				9699A4C02969B3F900807028 /* LaunchScreen.storyboard */,
			);
			path = Views;
			sourceTree = "<group>";
		};
		9699A4CA2969B44100807028 /* Controllers */ = {
			isa = PBXGroup;
			children = (
				9699A4DA2969B97600807028 /* Other */,
				9699A4D92969B94F00807028 /* Core */,
			);
			path = Controllers;
			sourceTree = "<group>";
		};
		9699A4CB2969B45300807028 /* Managers */ = {
			isa = PBXGroup;
			children = (
				9699A4E92969BA6100807028 /* APICaller.swift */,
				9699A4EB2969BA7600807028 /* AuthManager.swift */,
				9699A4ED2969BA9000807028 /* HapticsManager.swift */,
			);
			path = Managers;
			sourceTree = "<group>";
		};
		9699A4CC2969B45900807028 /* Models */ = {
			isa = PBXGroup;
			children = (
				9699A4EF2969BAB500807028 /* Playlist.swift */,
				9699A4F12969BAC300807028 /* AudioTrack.swift */,
				9699A4F32969BADA00807028 /* Artist.swift */,
				9699A4F52969BAE700807028 /* UserProfile.swift */,
			);
			path = Models;
			sourceTree = "<group>";
		};
		9699A4CD2969B47D00807028 /* ViewModels */ = {
			isa = PBXGroup;
			children = (
			);
			path = ViewModels;
			sourceTree = "<group>";
		};
		9699A4CE2969B49400807028 /* Resources */ = {
			isa = PBXGroup;
			children = (
				9699A4BE2969B3F900807028 /* Assets.xcassets */,
				9699A4B52969B3F500807028 /* AppDelegate.swift */,
				9699A4B72969B3F500807028 /* SceneDelegate.swift */,
				969D09D9296AABA80099E2A5 /* Extension.swift */,
			);
			path = Resources;
			sourceTree = "<group>";
		};
		9699A4D92969B94F00807028 /* Core */ = {
			isa = PBXGroup;
			children = (
				9699A4D52969B8FB00807028 /* TabBarViewController.swift */,
				9699A4B92969B3F500807028 /* HomeViewController.swift */,
				9699A4D12969B8A900807028 /* SearchViewController.swift */,
				9699A4D72969B93600807028 /* LibraryViewController.swift */,
			);
			path = Core;
			sourceTree = "<group>";
		};
		9699A4DA2969B97600807028 /* Other */ = {
			isa = PBXGroup;
			children = (
				9699A4DB2969B98D00807028 /* AuthViewController.swift */,
				9699A4DD2969B9A900807028 /* WelcomeViewController.swift */,
				9699A4DF2969B9B700807028 /* SettingsViewController.swift */,
				9699A4E12969B9CF00807028 /* ProfileViewController.swift */,
				9699A4E32969B9E100807028 /* PlayerViewController.swift */,
				9699A4E52969BA0F00807028 /* PlayerListViewController.swift */,
				9699A4E72969BA3300807028 /* SearchResultsViewController.swift */,
			);
			path = Other;
			sourceTree = "<group>";
		};
/* End PBXGroup section */

/* Begin PBXNativeTarget section */
		9699A4B12969B3F400807028 /* Spotify Clone */ = {
			isa = PBXNativeTarget;
			buildConfigurationList = 9699A4C62969B3F900807028 /* Build configuration list for PBXNativeTarget "Spotify Clone" */;
			buildPhases = (
				9699A4AE2969B3F400807028 /* Sources */,
				9699A4AF2969B3F400807028 /* Frameworks */,
				9699A4B02969B3F400807028 /* Resources */,
			);
			buildRules = (
			);
			dependencies = (
			);
			name = "Spotify Clone";
			productName = "Spotify Clone";
			productReference = 9699A4B22969B3F500807028 /* Spotify Clone.app */;
			productType = "com.apple.product-type.application";
		};
/* End PBXNativeTarget section */

/* Begin PBXProject section */
		9699A4AA2969B3F400807028 /* Project object */ = {
			isa = PBXProject;
			attributes = {
				BuildIndependentTargetsInParallel = 1;
				LastSwiftUpdateCheck = 1420;
				LastUpgradeCheck = 1420;
				TargetAttributes = {
					9699A4B12969B3F400807028 = {
						CreatedOnToolsVersion = 14.2;
					};
				};
			};
			buildConfigurationList = 9699A4AD2969B3F400807028 /* Build configuration list for PBXProject "Spotify Clone" */;
			compatibilityVersion = "Xcode 14.0";
			developmentRegion = en;
			hasScannedForEncodings = 0;
			knownRegions = (
				en,
				Base,
			);
			mainGroup = 9699A4A92969B3F400807028;
			productRefGroup = 9699A4B32969B3F500807028 /* Products */;
			projectDirPath = "";
			projectRoot = "";
			targets = (
				9699A4B12969B3F400807028 /* Spotify Clone */,
			);
		};
/* End PBXProject section */

/* Begin PBXResourcesBuildPhase section */
		9699A4B02969B3F400807028 /* Resources */ = {
			isa = PBXResourcesBuildPhase;
			buildActionMask = 2147483647;
			files = (
				9699A4C22969B3F900807028 /* LaunchScreen.storyboard in Resources */,
				9699A4BF2969B3F900807028 /* Assets.xcassets in Resources */,
			);
			runOnlyForDeploymentPostprocessing = 0;
		};
/* End PBXResourcesBuildPhase section */

/* Begin PBXSourcesBuildPhase section */
		9699A4AE2969B3F400807028 /* Sources */ = {
			isa = PBXSourcesBuildPhase;
			buildActionMask = 2147483647;
			files = (
				9699A4D22969B8A900807028 /* SearchViewController.swift in Sources */,
				9699A4F02969BAB500807028 /* Playlist.swift in Sources */,
				9699A4E82969BA3300807028 /* SearchResultsViewController.swift in Sources */,
				9699A4E62969BA0F00807028 /* PlayerListViewController.swift in Sources */,
				9699A4EA2969BA6100807028 /* APICaller.swift in Sources */,
				9699A4EC2969BA7600807028 /* AuthManager.swift in Sources */,
				9699A4DE2969B9A900807028 /* WelcomeViewController.swift in Sources */,
				9699A4EE2969BA9000807028 /* HapticsManager.swift in Sources */,
				9699A4F22969BAC300807028 /* AudioTrack.swift in Sources */,
				969D09DA296AABA80099E2A5 /* Extension.swift in Sources */,
				9699A4E22969B9CF00807028 /* ProfileViewController.swift in Sources */,
				9699A4BA2969B3F500807028 /* HomeViewController.swift in Sources */,
				9699A4B62969B3F500807028 /* AppDelegate.swift in Sources */,
				9699A4F62969BAE700807028 /* UserProfile.swift in Sources */,
				9699A4DC2969B98D00807028 /* AuthViewController.swift in Sources */,
				9699A4F42969BADA00807028 /* Artist.swift in Sources */,
				9699A4D62969B8FB00807028 /* TabBarViewController.swift in Sources */,
				9699A4D82969B93600807028 /* LibraryViewController.swift in Sources */,
				9699A4B82969B3F500807028 /* SceneDelegate.swift in Sources */,
				9699A4E42969B9E100807028 /* PlayerViewController.swift in Sources */,
				9699A4E02969B9B700807028 /* SettingsViewController.swift in Sources */,
			);
			runOnlyForDeploymentPostprocessing = 0;
		};
/* End PBXSourcesBuildPhase section */

/* Begin PBXVariantGroup section */
		9699A4C02969B3F900807028 /* LaunchScreen.storyboard */ = {
			isa = PBXVariantGroup;
			children = (
				9699A4C12969B3F900807028 /* Base */,
			);
			name = LaunchScreen.storyboard;
			sourceTree = "<group>";
		};
/* End PBXVariantGroup section */

/* Begin XCBuildConfiguration section */
		9699A4C42969B3F900807028 /* Debug */ = {
			isa = XCBuildConfiguration;
			buildSettings = {
				ALWAYS_SEARCH_USER_PATHS = NO;
				CLANG_ANALYZER_NONNULL = YES;
				CLANG_ANALYZER_NUMBER_OBJECT_CONVERSION = YES_AGGRESSIVE;
				CLANG_CXX_LANGUAGE_STANDARD = "gnu++20";
				CLANG_ENABLE_MODULES = YES;
				CLANG_ENABLE_OBJC_ARC = YES;
				CLANG_ENABLE_OBJC_WEAK = YES;
				CLANG_WARN_BLOCK_CAPTURE_AUTORELEASING = YES;
				CLANG_WARN_BOOL_CONVERSION = YES;
				CLANG_WARN_COMMA = YES;
				CLANG_WARN_CONSTANT_CONVERSION = YES;
				CLANG_WARN_DEPRECATED_OBJC_IMPLEMENTATIONS = YES;
				CLANG_WARN_DIRECT_OBJC_ISA_USAGE = YES_ERROR;
				CLANG_WARN_DOCUMENTATION_COMMENTS = YES;
				CLANG_WARN_EMPTY_BODY = YES;
				CLANG_WARN_ENUM_CONVERSION = YES;
				CLANG_WARN_INFINITE_RECURSION = YES;
				CLANG_WARN_INT_CONVERSION = YES;
				CLANG_WARN_NON_LITERAL_NULL_CONVERSION = YES;
				CLANG_WARN_OBJC_IMPLICIT_RETAIN_SELF = YES;
				CLANG_WARN_OBJC_LITERAL_CONVERSION = YES;
				CLANG_WARN_OBJC_ROOT_CLASS = YES_ERROR;
				CLANG_WARN_QUOTED_INCLUDE_IN_FRAMEWORK_HEADER = YES;
				CLANG_WARN_RANGE_LOOP_ANALYSIS = YES;
				CLANG_WARN_STRICT_PROTOTYPES = YES;
				CLANG_WARN_SUSPICIOUS_MOVE = YES;
				CLANG_WARN_UNGUARDED_AVAILABILITY = YES_AGGRESSIVE;
				CLANG_WARN_UNREACHABLE_CODE = YES;
				CLANG_WARN__DUPLICATE_METHOD_MATCH = YES;
				COPY_PHASE_STRIP = NO;
				DEBUG_INFORMATION_FORMAT = dwarf;
				ENABLE_STRICT_OBJC_MSGSEND = YES;
				ENABLE_TESTABILITY = YES;
				GCC_C_LANGUAGE_STANDARD = gnu11;
				GCC_DYNAMIC_NO_PIC = NO;
				GCC_NO_COMMON_BLOCKS = YES;
				GCC_OPTIMIZATION_LEVEL = 0;
				GCC_PREPROCESSOR_DEFINITIONS = (
					"DEBUG=1",
					"$(inherited)",
				);
				GCC_WARN_64_TO_32_BIT_CONVERSION = YES;
				GCC_WARN_ABOUT_RETURN_TYPE = YES_ERROR;
				GCC_WARN_UNDECLARED_SELECTOR = YES;
				GCC_WARN_UNINITIALIZED_AUTOS = YES_AGGRESSIVE;
				GCC_WARN_UNUSED_FUNCTION = YES;
				GCC_WARN_UNUSED_VARIABLE = YES;
				IPHONEOS_DEPLOYMENT_TARGET = 16.2;
				MTL_ENABLE_DEBUG_INFO = INCLUDE_SOURCE;
				MTL_FAST_MATH = YES;
				ONLY_ACTIVE_ARCH = YES;
				SDKROOT = iphoneos;
				SWIFT_ACTIVE_COMPILATION_CONDITIONS = DEBUG;
				SWIFT_OPTIMIZATION_LEVEL = "-Onone";
			};
			name = Debug;
		};
		9699A4C52969B3F900807028 /* Release */ = {
			isa = XCBuildConfiguration;
			buildSettings = {
				ALWAYS_SEARCH_USER_PATHS = NO;
				CLANG_ANALYZER_NONNULL = YES;
				CLANG_ANALYZER_NUMBER_OBJECT_CONVERSION = YES_AGGRESSIVE;
				CLANG_CXX_LANGUAGE_STANDARD = "gnu++20";
				CLANG_ENABLE_MODULES = YES;
				CLANG_ENABLE_OBJC_ARC = YES;
				CLANG_ENABLE_OBJC_WEAK = YES;
				CLANG_WARN_BLOCK_CAPTURE_AUTORELEASING = YES;
				CLANG_WARN_BOOL_CONVERSION = YES;
				CLANG_WARN_COMMA = YES;
				CLANG_WARN_CONSTANT_CONVERSION = YES;
				CLANG_WARN_DEPRECATED_OBJC_IMPLEMENTATIONS = YES;
				CLANG_WARN_DIRECT_OBJC_ISA_USAGE = YES_ERROR;
				CLANG_WARN_DOCUMENTATION_COMMENTS = YES;
				CLANG_WARN_EMPTY_BODY = YES;
				CLANG_WARN_ENUM_CONVERSION = YES;
				CLANG_WARN_INFINITE_RECURSION = YES;
				CLANG_WARN_INT_CONVERSION = YES;
				CLANG_WARN_NON_LITERAL_NULL_CONVERSION = YES;
				CLANG_WARN_OBJC_IMPLICIT_RETAIN_SELF = YES;
				CLANG_WARN_OBJC_LITERAL_CONVERSION = YES;
				CLANG_WARN_OBJC_ROOT_CLASS = YES_ERROR;
				CLANG_WARN_QUOTED_INCLUDE_IN_FRAMEWORK_HEADER = YES;
				CLANG_WARN_RANGE_LOOP_ANALYSIS = YES;
				CLANG_WARN_STRICT_PROTOTYPES = YES;
				CLANG_WARN_SUSPICIOUS_MOVE = YES;
				CLANG_WARN_UNGUARDED_AVAILABILITY = YES_AGGRESSIVE;
				CLANG_WARN_UNREACHABLE_CODE = YES;
				CLANG_WARN__DUPLICATE_METHOD_MATCH = YES;
				COPY_PHASE_STRIP = NO;
				DEBUG_INFORMATION_FORMAT = "dwarf-with-dsym";
				ENABLE_NS_ASSERTIONS = NO;
				ENABLE_STRICT_OBJC_MSGSEND = YES;
				GCC_C_LANGUAGE_STANDARD = gnu11;
				GCC_NO_COMMON_BLOCKS = YES;
				GCC_WARN_64_TO_32_BIT_CONVERSION = YES;
				GCC_WARN_ABOUT_RETURN_TYPE = YES_ERROR;
				GCC_WARN_UNDECLARED_SELECTOR = YES;
				GCC_WARN_UNINITIALIZED_AUTOS = YES_AGGRESSIVE;
				GCC_WARN_UNUSED_FUNCTION = YES;
				GCC_WARN_UNUSED_VARIABLE = YES;
				IPHONEOS_DEPLOYMENT_TARGET = 16.2;
				MTL_ENABLE_DEBUG_INFO = NO;
				MTL_FAST_MATH = YES;
				SDKROOT = iphoneos;
				SWIFT_COMPILATION_MODE = wholemodule;
				SWIFT_OPTIMIZATION_LEVEL = "-O";
				VALIDATE_PRODUCT = YES;
			};
			name = Release;
		};
		9699A4C72969B3F900807028 /* Debug */ = {
			isa = XCBuildConfiguration;
			buildSettings = {
				ASSETCATALOG_COMPILER_APPICON_NAME = AppIcon;
				ASSETCATALOG_COMPILER_GLOBAL_ACCENT_COLOR_NAME = AccentColor;
				CODE_SIGN_STYLE = Automatic;
				CURRENT_PROJECT_VERSION = 1;
				GENERATE_INFOPLIST_FILE = YES;
				INFOPLIST_FILE = "Spotify Clone/Info.plist";
				INFOPLIST_KEY_UIApplicationSupportsIndirectInputEvents = YES;
				INFOPLIST_KEY_UILaunchStoryboardName = LaunchScreen;
				INFOPLIST_KEY_UISupportedInterfaceOrientations_iPad = "UIInterfaceOrientationPortrait UIInterfaceOrientationPortraitUpsideDown UIInterfaceOrientationLandscapeLeft UIInterfaceOrientationLandscapeRight";
				INFOPLIST_KEY_UISupportedInterfaceOrientations_iPhone = "UIInterfaceOrientationPortrait UIInterfaceOrientationLandscapeLeft UIInterfaceOrientationLandscapeRight";
				LD_RUNPATH_SEARCH_PATHS = (
					"$(inherited)",
					"@executable_path/Frameworks",
				);
				MARKETING_VERSION = 1.0;
				PRODUCT_BUNDLE_IDENTIFIER = "com.thejitenpatel.Spotify-Clone";
				PRODUCT_NAME = "$(TARGET_NAME)";
				SWIFT_EMIT_LOC_STRINGS = YES;
				SWIFT_VERSION = 5.0;
				TARGETED_DEVICE_FAMILY = "1,2";
			};
			name = Debug;
		};
		9699A4C82969B3F900807028 /* Release */ = {
			isa = XCBuildConfiguration;
			buildSettings = {
				ASSETCATALOG_COMPILER_APPICON_NAME = AppIcon;
				ASSETCATALOG_COMPILER_GLOBAL_ACCENT_COLOR_NAME = AccentColor;
				CODE_SIGN_STYLE = Automatic;
				CURRENT_PROJECT_VERSION = 1;
				GENERATE_INFOPLIST_FILE = YES;
				INFOPLIST_FILE = "Spotify Clone/Info.plist";
				INFOPLIST_KEY_UIApplicationSupportsIndirectInputEvents = YES;
				INFOPLIST_KEY_UILaunchStoryboardName = LaunchScreen;
				INFOPLIST_KEY_UISupportedInterfaceOrientations_iPad = "UIInterfaceOrientationPortrait UIInterfaceOrientationPortraitUpsideDown UIInterfaceOrientationLandscapeLeft UIInterfaceOrientationLandscapeRight";
				INFOPLIST_KEY_UISupportedInterfaceOrientations_iPhone = "UIInterfaceOrientationPortrait UIInterfaceOrientationLandscapeLeft UIInterfaceOrientationLandscapeRight";
				LD_RUNPATH_SEARCH_PATHS = (
					"$(inherited)",
					"@executable_path/Frameworks",
				);
				MARKETING_VERSION = 1.0;
				PRODUCT_BUNDLE_IDENTIFIER = "com.thejitenpatel.Spotify-Clone";
				PRODUCT_NAME = "$(TARGET_NAME)";
				SWIFT_EMIT_LOC_STRINGS = YES;
				SWIFT_VERSION = 5.0;
				TARGETED_DEVICE_FAMILY = "1,2";
			};
			name = Release;
		};
/* End XCBuildConfiguration section */

/* Begin XCConfigurationList section */
		9699A4AD2969B3F400807028 /* Build configuration list for PBXProject "Spotify Clone" */ = {
			isa = XCConfigurationList;
			buildConfigurations = (
				9699A4C42969B3F900807028 /* Debug */,
				9699A4C52969B3F900807028 /* Release */,
			);
			defaultConfigurationIsVisible = 0;
			defaultConfigurationName = Release;
		};
		9699A4C62969B3F900807028 /* Build configuration list for PBXNativeTarget "Spotify Clone" */ = {
			isa = XCConfigurationList;
			buildConfigurations = (
				9699A4C72969B3F900807028 /* Debug */,
				9699A4C82969B3F900807028 /* Release */,
			);
			defaultConfigurationIsVisible = 0;
			defaultConfigurationName = Release;
		};
/* End XCConfigurationList section */
	};
	rootObject = 9699A4AA2969B3F400807028 /* Project object */;
}
